// !$*UTF8*$!
{
	archiveVersion = 1;
	classes = {
	};
	objectVersion = 50;
	objects = {

/* Begin PBXBuildFile section */
		03FE223421848AB90091C707 /* AppDelegate.swift in Sources */ = {isa = PBXBuildFile; fileRef = 03FE223321848AB90091C707 /* AppDelegate.swift */; };
		03FE223B21848ABC0091C707 /* Assets.xcassets in Resources */ = {isa = PBXBuildFile; fileRef = 03FE223A21848ABC0091C707 /* Assets.xcassets */; };
		03FE224921848ABC0091C707 /* QiitaExampleTests.swift in Sources */ = {isa = PBXBuildFile; fileRef = 03FE224821848ABC0091C707 /* QiitaExampleTests.swift */; };
		03FE225421848ABC0091C707 /* QiitaExampleUITests.swift in Sources */ = {isa = PBXBuildFile; fileRef = 03FE225321848ABC0091C707 /* QiitaExampleUITests.swift */; };
		03FE2275218496AD0091C707 /* Model+Repository.stencil in Resources */ = {isa = PBXBuildFile; fileRef = 03FE2274218496AD0091C707 /* Model+Repository.stencil */; };
		03FE227B2184972B0091C707 /* MainPresenter.swift in Sources */ = {isa = PBXBuildFile; fileRef = 03FE22782184972B0091C707 /* MainPresenter.swift */; };
		03FE227C2184972B0091C707 /* MainViewController.storyboard in Resources */ = {isa = PBXBuildFile; fileRef = 03FE22792184972B0091C707 /* MainViewController.storyboard */; };
		03FE227D2184972B0091C707 /* MainViewController.swift in Sources */ = {isa = PBXBuildFile; fileRef = 03FE227A2184972B0091C707 /* MainViewController.swift */; };
		03FE22802184977B0091C707 /* Injectable.swift in Sources */ = {isa = PBXBuildFile; fileRef = 03FE227F2184977B0091C707 /* Injectable.swift */; };
		03FE22822184981F0091C707 /* DatasourceType.swift in Sources */ = {isa = PBXBuildFile; fileRef = 03FE22812184981F0091C707 /* DatasourceType.swift */; };
		03FE2284218498370091C707 /* ModelType.swift in Sources */ = {isa = PBXBuildFile; fileRef = 03FE2283218498370091C707 /* ModelType.swift */; };
		03FE2286218498520091C707 /* RepositoryType.swift in Sources */ = {isa = PBXBuildFile; fileRef = 03FE2285218498520091C707 /* RepositoryType.swift */; };
		03FE2288218498870091C707 /* APIProvider.swift in Sources */ = {isa = PBXBuildFile; fileRef = 03FE2287218498870091C707 /* APIProvider.swift */; };
		03FE228A218498920091C707 /* QiitaAPI.swift in Sources */ = {isa = PBXBuildFile; fileRef = 03FE2289218498920091C707 /* QiitaAPI.swift */; };
		03FE228C218499150091C707 /* Error.swift in Sources */ = {isa = PBXBuildFile; fileRef = 03FE228B218499150091C707 /* Error.swift */; };
		03FE228E21849AAD0091C707 /* Model+Repository.generated.swift in Sources */ = {isa = PBXBuildFile; fileRef = 03FE228D21849AAD0091C707 /* Model+Repository.generated.swift */; };
		03FE229821849E220091C707 /* RealmDatasource.swift in Sources */ = {isa = PBXBuildFile; fileRef = 03FE229721849E220091C707 /* RealmDatasource.swift */; };
		03FE229F21849F2E0091C707 /* UserUsecase.swift in Sources */ = {isa = PBXBuildFile; fileRef = 03FE229D21849F2E0091C707 /* UserUsecase.swift */; };
		03FE22A021849F2E0091C707 /* User.swift in Sources */ = {isa = PBXBuildFile; fileRef = 03FE229E21849F2E0091C707 /* User.swift */; };
		12ECEEEB3DBC684792F0DB09 /* Pods_QiitaExampleUITests.framework in Frameworks */ = {isa = PBXBuildFile; fileRef = 48BB0ADAD8A925C1AA591674 /* Pods_QiitaExampleUITests.framework */; };
		AD5E96ADAE987FC402CC9471 /* Pods_QiitaExampleTests.framework in Frameworks */ = {isa = PBXBuildFile; fileRef = AC3826982AF046FA8DE03952 /* Pods_QiitaExampleTests.framework */; };
		B287D871BABFF6BE52BB8DF1 /* Pods_QiitaExample.framework in Frameworks */ = {isa = PBXBuildFile; fileRef = 63FC166F0C5B640F40BD10A5 /* Pods_QiitaExample.framework */; };
/* End PBXBuildFile section */

/* Begin PBXContainerItemProxy section */
		03FE224521848ABC0091C707 /* PBXContainerItemProxy */ = {
			isa = PBXContainerItemProxy;
			containerPortal = 03FE222821848AB90091C707 /* Project object */;
			proxyType = 1;
			remoteGlobalIDString = 03FE222F21848AB90091C707;
			remoteInfo = QiitaExample;
		};
		03FE225021848ABC0091C707 /* PBXContainerItemProxy */ = {
			isa = PBXContainerItemProxy;
			containerPortal = 03FE222821848AB90091C707 /* Project object */;
			proxyType = 1;
			remoteGlobalIDString = 03FE222F21848AB90091C707;
			remoteInfo = QiitaExample;
		};
/* End PBXContainerItemProxy section */

/* Begin PBXFileReference section */
		03FE223021848AB90091C707 /* QiitaExample.app */ = {isa = PBXFileReference; explicitFileType = wrapper.application; includeInIndex = 0; path = QiitaExample.app; sourceTree = BUILT_PRODUCTS_DIR; };
		03FE223321848AB90091C707 /* AppDelegate.swift */ = {isa = PBXFileReference; lastKnownFileType = sourcecode.swift; path = AppDelegate.swift; sourceTree = "<group>"; };
		03FE223A21848ABC0091C707 /* Assets.xcassets */ = {isa = PBXFileReference; lastKnownFileType = folder.assetcatalog; path = Assets.xcassets; sourceTree = "<group>"; };
		03FE223F21848ABC0091C707 /* Info.plist */ = {isa = PBXFileReference; lastKnownFileType = text.plist.xml; path = Info.plist; sourceTree = "<group>"; };
		03FE224421848ABC0091C707 /* QiitaExampleTests.xctest */ = {isa = PBXFileReference; explicitFileType = wrapper.cfbundle; includeInIndex = 0; path = QiitaExampleTests.xctest; sourceTree = BUILT_PRODUCTS_DIR; };
		03FE224821848ABC0091C707 /* QiitaExampleTests.swift */ = {isa = PBXFileReference; lastKnownFileType = sourcecode.swift; path = QiitaExampleTests.swift; sourceTree = "<group>"; };
		03FE224A21848ABC0091C707 /* Info.plist */ = {isa = PBXFileReference; lastKnownFileType = text.plist.xml; path = Info.plist; sourceTree = "<group>"; };
		03FE224F21848ABC0091C707 /* QiitaExampleUITests.xctest */ = {isa = PBXFileReference; explicitFileType = wrapper.cfbundle; includeInIndex = 0; path = QiitaExampleUITests.xctest; sourceTree = BUILT_PRODUCTS_DIR; };
		03FE225321848ABC0091C707 /* QiitaExampleUITests.swift */ = {isa = PBXFileReference; lastKnownFileType = sourcecode.swift; path = QiitaExampleUITests.swift; sourceTree = "<group>"; };
		03FE225521848ABC0091C707 /* Info.plist */ = {isa = PBXFileReference; lastKnownFileType = text.plist.xml; path = Info.plist; sourceTree = "<group>"; };
		03FE2274218496AD0091C707 /* Model+Repository.stencil */ = {isa = PBXFileReference; fileEncoding = 4; lastKnownFileType = text; path = "Model+Repository.stencil"; sourceTree = "<group>"; };
		03FE22782184972B0091C707 /* MainPresenter.swift */ = {isa = PBXFileReference; lastKnownFileType = sourcecode.swift; path = MainPresenter.swift; sourceTree = "<group>"; };
		03FE22792184972B0091C707 /* MainViewController.storyboard */ = {isa = PBXFileReference; lastKnownFileType = file.storyboard; path = MainViewController.storyboard; sourceTree = "<group>"; };
		03FE227A2184972B0091C707 /* MainViewController.swift */ = {isa = PBXFileReference; lastKnownFileType = sourcecode.swift; path = MainViewController.swift; sourceTree = "<group>"; };
		03FE227F2184977B0091C707 /* Injectable.swift */ = {isa = PBXFileReference; lastKnownFileType = sourcecode.swift; path = Injectable.swift; sourceTree = "<group>"; };
		03FE22812184981F0091C707 /* DatasourceType.swift */ = {isa = PBXFileReference; lastKnownFileType = sourcecode.swift; path = DatasourceType.swift; sourceTree = "<group>"; };
		03FE2283218498370091C707 /* ModelType.swift */ = {isa = PBXFileReference; lastKnownFileType = sourcecode.swift; path = ModelType.swift; sourceTree = "<group>"; };
		03FE2285218498520091C707 /* RepositoryType.swift */ = {isa = PBXFileReference; lastKnownFileType = sourcecode.swift; path = RepositoryType.swift; sourceTree = "<group>"; };
		03FE2287218498870091C707 /* APIProvider.swift */ = {isa = PBXFileReference; lastKnownFileType = sourcecode.swift; path = APIProvider.swift; sourceTree = "<group>"; };
		03FE2289218498920091C707 /* QiitaAPI.swift */ = {isa = PBXFileReference; lastKnownFileType = sourcecode.swift; path = QiitaAPI.swift; sourceTree = "<group>"; };
		03FE228B218499150091C707 /* Error.swift */ = {isa = PBXFileReference; lastKnownFileType = sourcecode.swift; path = Error.swift; sourceTree = "<group>"; };
		03FE228D21849AAD0091C707 /* Model+Repository.generated.swift */ = {isa = PBXFileReference; fileEncoding = 4; lastKnownFileType = sourcecode.swift; path = "Model+Repository.generated.swift"; sourceTree = "<group>"; };
		03FE229721849E220091C707 /* RealmDatasource.swift */ = {isa = PBXFileReference; lastKnownFileType = sourcecode.swift; path = RealmDatasource.swift; sourceTree = "<group>"; };
		03FE229D21849F2E0091C707 /* UserUsecase.swift */ = {isa = PBXFileReference; lastKnownFileType = sourcecode.swift; path = UserUsecase.swift; sourceTree = "<group>"; };
		03FE229E21849F2E0091C707 /* User.swift */ = {isa = PBXFileReference; lastKnownFileType = sourcecode.swift; path = User.swift; sourceTree = "<group>"; };
		1C5F83B917858EA36C9E4388 /* Pods-QiitaExampleUITests.release.xcconfig */ = {isa = PBXFileReference; includeInIndex = 1; lastKnownFileType = text.xcconfig; name = "Pods-QiitaExampleUITests.release.xcconfig"; path = "Pods/Target Support Files/Pods-QiitaExampleUITests/Pods-QiitaExampleUITests.release.xcconfig"; sourceTree = "<group>"; };
		32AA991562C807B9AB33C213 /* Pods-QiitaExample.debug.xcconfig */ = {isa = PBXFileReference; includeInIndex = 1; lastKnownFileType = text.xcconfig; name = "Pods-QiitaExample.debug.xcconfig"; path = "Pods/Target Support Files/Pods-QiitaExample/Pods-QiitaExample.debug.xcconfig"; sourceTree = "<group>"; };
		48BB0ADAD8A925C1AA591674 /* Pods_QiitaExampleUITests.framework */ = {isa = PBXFileReference; explicitFileType = wrapper.framework; includeInIndex = 0; path = Pods_QiitaExampleUITests.framework; sourceTree = BUILT_PRODUCTS_DIR; };
		63FC166F0C5B640F40BD10A5 /* Pods_QiitaExample.framework */ = {isa = PBXFileReference; explicitFileType = wrapper.framework; includeInIndex = 0; path = Pods_QiitaExample.framework; sourceTree = BUILT_PRODUCTS_DIR; };
		660D1FD677739DBB4980BF2E /* Pods-QiitaExampleTests.debug.xcconfig */ = {isa = PBXFileReference; includeInIndex = 1; lastKnownFileType = text.xcconfig; name = "Pods-QiitaExampleTests.debug.xcconfig"; path = "Pods/Target Support Files/Pods-QiitaExampleTests/Pods-QiitaExampleTests.debug.xcconfig"; sourceTree = "<group>"; };
		91EA2C630596DEFF9D23A495 /* Pods-QiitaExampleTests.release.xcconfig */ = {isa = PBXFileReference; includeInIndex = 1; lastKnownFileType = text.xcconfig; name = "Pods-QiitaExampleTests.release.xcconfig"; path = "Pods/Target Support Files/Pods-QiitaExampleTests/Pods-QiitaExampleTests.release.xcconfig"; sourceTree = "<group>"; };
		99ED75897E3CD6F3863F55C7 /* Pods-QiitaExampleUITests.debug.xcconfig */ = {isa = PBXFileReference; includeInIndex = 1; lastKnownFileType = text.xcconfig; name = "Pods-QiitaExampleUITests.debug.xcconfig"; path = "Pods/Target Support Files/Pods-QiitaExampleUITests/Pods-QiitaExampleUITests.debug.xcconfig"; sourceTree = "<group>"; };
		AC3826982AF046FA8DE03952 /* Pods_QiitaExampleTests.framework */ = {isa = PBXFileReference; explicitFileType = wrapper.framework; includeInIndex = 0; path = Pods_QiitaExampleTests.framework; sourceTree = BUILT_PRODUCTS_DIR; };
		BEC55EAD97A5233B9D99FFA3 /* Pods-QiitaExample.release.xcconfig */ = {isa = PBXFileReference; includeInIndex = 1; lastKnownFileType = text.xcconfig; name = "Pods-QiitaExample.release.xcconfig"; path = "Pods/Target Support Files/Pods-QiitaExample/Pods-QiitaExample.release.xcconfig"; sourceTree = "<group>"; };
/* End PBXFileReference section */

/* Begin PBXFrameworksBuildPhase section */
		03FE222D21848AB90091C707 /* Frameworks */ = {
			isa = PBXFrameworksBuildPhase;
			buildActionMask = 2147483647;
			files = (
				B287D871BABFF6BE52BB8DF1 /* Pods_QiitaExample.framework in Frameworks */,
			);
			runOnlyForDeploymentPostprocessing = 0;
		};
		03FE224121848ABC0091C707 /* Frameworks */ = {
			isa = PBXFrameworksBuildPhase;
			buildActionMask = 2147483647;
			files = (
				AD5E96ADAE987FC402CC9471 /* Pods_QiitaExampleTests.framework in Frameworks */,
			);
			runOnlyForDeploymentPostprocessing = 0;
		};
		03FE224C21848ABC0091C707 /* Frameworks */ = {
			isa = PBXFrameworksBuildPhase;
			buildActionMask = 2147483647;
			files = (
				12ECEEEB3DBC684792F0DB09 /* Pods_QiitaExampleUITests.framework in Frameworks */,
			);
			runOnlyForDeploymentPostprocessing = 0;
		};
/* End PBXFrameworksBuildPhase section */

/* Begin PBXGroup section */
		03FE222721848AB90091C707 = {
			isa = PBXGroup;
			children = (
				EDE3DAAD166D1917E40BD3E0 /* Frameworks */,
				710E00054C1CF481E69558D0 /* Pods */,
				03FE223121848AB90091C707 /* Products */,
				03FE223221848AB90091C707 /* QiitaExample */,
				03FE224721848ABC0091C707 /* QiitaExampleTests */,
				03FE225221848ABC0091C707 /* QiitaExampleUITests */,
			);
			sourceTree = "<group>";
		};
		03FE223121848AB90091C707 /* Products */ = {
			isa = PBXGroup;
			children = (
				03FE223021848AB90091C707 /* QiitaExample.app */,
				03FE224421848ABC0091C707 /* QiitaExampleTests.xctest */,
				03FE224F21848ABC0091C707 /* QiitaExampleUITests.xctest */,
			);
			name = Products;
			sourceTree = "<group>";
		};
		03FE223221848AB90091C707 /* QiitaExample */ = {
			isa = PBXGroup;
			children = (
				03FE226321848FF10091C707 /* Application */,
				03FE2266218490510091C707 /* Domain */,
				03FE2277218496E00091C707 /* Extensions */,
				03FE2276218496D90091C707 /* Protocols */,
				03FE22652184900A0091C707 /* Resources */,
				03FE226121848FDF0091C707 /* Screens */,
				03FE226421848FFF0091C707 /* Support */,
				03FE226221848FE80091C707 /* Utilities */,
			);
			path = QiitaExample;
			sourceTree = "<group>";
		};
		03FE224721848ABC0091C707 /* QiitaExampleTests */ = {
			isa = PBXGroup;
			children = (
				03FE224A21848ABC0091C707 /* Info.plist */,
				03FE224821848ABC0091C707 /* QiitaExampleTests.swift */,
			);
			path = QiitaExampleTests;
			sourceTree = "<group>";
		};
		03FE225221848ABC0091C707 /* QiitaExampleUITests */ = {
			isa = PBXGroup;
			children = (
				03FE225521848ABC0091C707 /* Info.plist */,
				03FE225321848ABC0091C707 /* QiitaExampleUITests.swift */,
			);
			path = QiitaExampleUITests;
			sourceTree = "<group>";
		};
		03FE226121848FDF0091C707 /* Screens */ = {
			isa = PBXGroup;
			children = (
				03FE227E218497360091C707 /* Main */,
			);
			path = Screens;
			sourceTree = "<group>";
		};
		03FE226221848FE80091C707 /* Utilities */ = {
			isa = PBXGroup;
			children = (
				03FE228B218499150091C707 /* Error.swift */,
			);
			path = Utilities;
			sourceTree = "<group>";
		};
		03FE226321848FF10091C707 /* Application */ = {
			isa = PBXGroup;
			children = (
				03FE223321848AB90091C707 /* AppDelegate.swift */,
			);
			path = Application;
			sourceTree = "<group>";
		};
		03FE226421848FFF0091C707 /* Support */ = {
			isa = PBXGroup;
			children = (
				03FE2268218491970091C707 /* CodeGenerated */,
				03FE22672184918D0091C707 /* Templates */,
				03FE223F21848ABC0091C707 /* Info.plist */,
			);
			path = Support;
			sourceTree = "<group>";
		};
		03FE22652184900A0091C707 /* Resources */ = {
			isa = PBXGroup;
			children = (
				03FE223A21848ABC0091C707 /* Assets.xcassets */,
			);
			path = Resources;
			sourceTree = "<group>";
		};
		03FE2266218490510091C707 /* Domain */ = {
			isa = PBXGroup;
			children = (
				03FE2273218495CE0091C707 /* DataProvider */,
				03FE2271218495B80091C707 /* Datasource */,
				03FE2272218495C30091C707 /* Model */,
			);
			path = Domain;
			sourceTree = "<group>";
		};
		03FE22672184918D0091C707 /* Templates */ = {
			isa = PBXGroup;
			children = (
				03FE2274218496AD0091C707 /* Model+Repository.stencil */,
			);
			path = Templates;
			sourceTree = "<group>";
		};
		03FE2268218491970091C707 /* CodeGenerated */ = {
			isa = PBXGroup;
			children = (
				03FE228D21849AAD0091C707 /* Model+Repository.generated.swift */,
			);
			path = CodeGenerated;
			sourceTree = "<group>";
		};
		03FE226A218495910091C707 /* User */ = {
			isa = PBXGroup;
			children = (
				03FE229E21849F2E0091C707 /* User.swift */,
				03FE229D21849F2E0091C707 /* UserUsecase.swift */,
			);
			path = User;
			sourceTree = "<group>";
		};
		03FE2271218495B80091C707 /* Datasource */ = {
			isa = PBXGroup;
			children = (
				03FE229721849E220091C707 /* RealmDatasource.swift */,
			);
			path = Datasource;
			sourceTree = "<group>";
		};
		03FE2272218495C30091C707 /* Model */ = {
			isa = PBXGroup;
			children = (
				03FE226A218495910091C707 /* User */,
			);
			path = Model;
			sourceTree = "<group>";
		};
		03FE2273218495CE0091C707 /* DataProvider */ = {
			isa = PBXGroup;
			children = (
				03FE2287218498870091C707 /* APIProvider.swift */,
				03FE2289218498920091C707 /* QiitaAPI.swift */,
			);
			path = DataProvider;
			sourceTree = "<group>";
		};
		03FE2276218496D90091C707 /* Protocols */ = {
			isa = PBXGroup;
			children = (
				03FE22812184981F0091C707 /* DatasourceType.swift */,
				03FE227F2184977B0091C707 /* Injectable.swift */,
				03FE2283218498370091C707 /* ModelType.swift */,
				03FE2285218498520091C707 /* RepositoryType.swift */,
			);
			path = Protocols;
			sourceTree = "<group>";
		};
		03FE2277218496E00091C707 /* Extensions */ = {
			isa = PBXGroup;
			children = (
			);
			path = Extensions;
			sourceTree = "<group>";
		};
		03FE227E218497360091C707 /* Main */ = {
			isa = PBXGroup;
			children = (
				03FE22782184972B0091C707 /* MainPresenter.swift */,
				03FE22792184972B0091C707 /* MainViewController.storyboard */,
				03FE227A2184972B0091C707 /* MainViewController.swift */,
			);
			path = Main;
			sourceTree = "<group>";
		};
		710E00054C1CF481E69558D0 /* Pods */ = {
			isa = PBXGroup;
			children = (
				32AA991562C807B9AB33C213 /* Pods-QiitaExample.debug.xcconfig */,
				BEC55EAD97A5233B9D99FFA3 /* Pods-QiitaExample.release.xcconfig */,
				660D1FD677739DBB4980BF2E /* Pods-QiitaExampleTests.debug.xcconfig */,
				91EA2C630596DEFF9D23A495 /* Pods-QiitaExampleTests.release.xcconfig */,
				99ED75897E3CD6F3863F55C7 /* Pods-QiitaExampleUITests.debug.xcconfig */,
				1C5F83B917858EA36C9E4388 /* Pods-QiitaExampleUITests.release.xcconfig */,
			);
			name = Pods;
			sourceTree = "<group>";
		};
		EDE3DAAD166D1917E40BD3E0 /* Frameworks */ = {
			isa = PBXGroup;
			children = (
				63FC166F0C5B640F40BD10A5 /* Pods_QiitaExample.framework */,
				AC3826982AF046FA8DE03952 /* Pods_QiitaExampleTests.framework */,
				48BB0ADAD8A925C1AA591674 /* Pods_QiitaExampleUITests.framework */,
			);
			name = Frameworks;
			sourceTree = "<group>";
		};
/* End PBXGroup section */

/* Begin PBXNativeTarget section */
		03FE222F21848AB90091C707 /* QiitaExample */ = {
			isa = PBXNativeTarget;
			buildConfigurationList = 03FE225821848ABC0091C707 /* Build configuration list for PBXNativeTarget "QiitaExample" */;
			buildPhases = (
				03FE2269218491AF0091C707 /* Run Script - SwiftFormat */,
				9F39C28626A1C79E26A82310 /* [CP] Check Pods Manifest.lock */,
				03FE222C21848AB90091C707 /* Sources */,
				03FE222D21848AB90091C707 /* Frameworks */,
				03FE222E21848AB90091C707 /* Resources */,
				BE7507873DA67245A9394104 /* [CP] Embed Pods Frameworks */,
			);
			buildRules = (
			);
			dependencies = (
			);
			name = QiitaExample;
			productName = QiitaExample;
			productReference = 03FE223021848AB90091C707 /* QiitaExample.app */;
			productType = "com.apple.product-type.application";
		};
		03FE224321848ABC0091C707 /* QiitaExampleTests */ = {
			isa = PBXNativeTarget;
			buildConfigurationList = 03FE225B21848ABC0091C707 /* Build configuration list for PBXNativeTarget "QiitaExampleTests" */;
			buildPhases = (
				7466BBCEE9EF926CDC330C56 /* [CP] Check Pods Manifest.lock */,
				03FE224021848ABC0091C707 /* Sources */,
				03FE224121848ABC0091C707 /* Frameworks */,
				03FE224221848ABC0091C707 /* Resources */,
			);
			buildRules = (
			);
			dependencies = (
				03FE224621848ABC0091C707 /* PBXTargetDependency */,
			);
			name = QiitaExampleTests;
			productName = QiitaExampleTests;
			productReference = 03FE224421848ABC0091C707 /* QiitaExampleTests.xctest */;
			productType = "com.apple.product-type.bundle.unit-test";
		};
		03FE224E21848ABC0091C707 /* QiitaExampleUITests */ = {
			isa = PBXNativeTarget;
			buildConfigurationList = 03FE225E21848ABC0091C707 /* Build configuration list for PBXNativeTarget "QiitaExampleUITests" */;
			buildPhases = (
				3CB162E25DEA1542EB10EDD0 /* [CP] Check Pods Manifest.lock */,
				03FE224B21848ABC0091C707 /* Sources */,
				03FE224C21848ABC0091C707 /* Frameworks */,
				03FE224D21848ABC0091C707 /* Resources */,
			);
			buildRules = (
			);
			dependencies = (
				03FE225121848ABC0091C707 /* PBXTargetDependency */,
			);
			name = QiitaExampleUITests;
			productName = QiitaExampleUITests;
			productReference = 03FE224F21848ABC0091C707 /* QiitaExampleUITests.xctest */;
			productType = "com.apple.product-type.bundle.ui-testing";
		};
/* End PBXNativeTarget section */

/* Begin PBXProject section */
		03FE222821848AB90091C707 /* Project object */ = {
			isa = PBXProject;
			attributes = {
				LastSwiftUpdateCheck = 1000;
				LastUpgradeCheck = 1000;
				ORGANIZATIONNAME = namco;
				TargetAttributes = {
					03FE222F21848AB90091C707 = {
						CreatedOnToolsVersion = 10.0;
					};
					03FE224321848ABC0091C707 = {
						CreatedOnToolsVersion = 10.0;
						TestTargetID = 03FE222F21848AB90091C707;
					};
					03FE224E21848ABC0091C707 = {
						CreatedOnToolsVersion = 10.0;
						TestTargetID = 03FE222F21848AB90091C707;
					};
				};
			};
			buildConfigurationList = 03FE222B21848AB90091C707 /* Build configuration list for PBXProject "QiitaExample" */;
			compatibilityVersion = "Xcode 9.3";
			developmentRegion = en;
			hasScannedForEncodings = 0;
			knownRegions = (
				en,
				Base,
			);
			mainGroup = 03FE222721848AB90091C707;
			productRefGroup = 03FE223121848AB90091C707 /* Products */;
			projectDirPath = "";
			projectRoot = "";
			targets = (
				03FE222F21848AB90091C707 /* QiitaExample */,
				03FE224321848ABC0091C707 /* QiitaExampleTests */,
				03FE224E21848ABC0091C707 /* QiitaExampleUITests */,
			);
		};
/* End PBXProject section */

/* Begin PBXResourcesBuildPhase section */
		03FE222E21848AB90091C707 /* Resources */ = {
			isa = PBXResourcesBuildPhase;
			buildActionMask = 2147483647;
			files = (
				03FE223B21848ABC0091C707 /* Assets.xcassets in Resources */,
				03FE227C2184972B0091C707 /* MainViewController.storyboard in Resources */,
				03FE2275218496AD0091C707 /* Model+Repository.stencil in Resources */,
			);
			runOnlyForDeploymentPostprocessing = 0;
		};
		03FE224221848ABC0091C707 /* Resources */ = {
			isa = PBXResourcesBuildPhase;
			buildActionMask = 2147483647;
			files = (
			);
			runOnlyForDeploymentPostprocessing = 0;
		};
		03FE224D21848ABC0091C707 /* Resources */ = {
			isa = PBXResourcesBuildPhase;
			buildActionMask = 2147483647;
			files = (
			);
			runOnlyForDeploymentPostprocessing = 0;
		};
/* End PBXResourcesBuildPhase section */

/* Begin PBXShellScriptBuildPhase section */
		03FE2269218491AF0091C707 /* Run Script - SwiftFormat */ = {
			isa = PBXShellScriptBuildPhase;
			buildActionMask = 2147483647;
			files = (
			);
			inputFileListPaths = (
			);
			inputPaths = (
			);
			name = "Run Script - SwiftFormat";
			outputFileListPaths = (
			);
			outputPaths = (
			);
			runOnlyForDeploymentPostprocessing = 0;
			shellPath = /bin/sh;
			shellScript = "Pods/Sourcery/bin/sourcery --sources \"QiitaExample\" --templates \"QiitaExample/Support/Templates\" --output \"QiitaExample/Support/CodeGenerated\"\n";
		};
		3CB162E25DEA1542EB10EDD0 /* [CP] Check Pods Manifest.lock */ = {
			isa = PBXShellScriptBuildPhase;
			buildActionMask = 2147483647;
			files = (
			);
			inputFileListPaths = (
			);
			inputPaths = (
				"${PODS_PODFILE_DIR_PATH}/Podfile.lock",
				"${PODS_ROOT}/Manifest.lock",
			);
			name = "[CP] Check Pods Manifest.lock";
			outputFileListPaths = (
			);
			outputPaths = (
				"$(DERIVED_FILE_DIR)/Pods-QiitaExampleUITests-checkManifestLockResult.txt",
			);
			runOnlyForDeploymentPostprocessing = 0;
			shellPath = /bin/sh;
			shellScript = "diff \"${PODS_PODFILE_DIR_PATH}/Podfile.lock\" \"${PODS_ROOT}/Manifest.lock\" > /dev/null\nif [ $? != 0 ] ; then\n    # print error to STDERR\n    echo \"error: The sandbox is not in sync with the Podfile.lock. Run 'pod install' or update your CocoaPods installation.\" >&2\n    exit 1\nfi\n# This output is used by Xcode 'outputs' to avoid re-running this script phase.\necho \"SUCCESS\" > \"${SCRIPT_OUTPUT_FILE_0}\"\n";
			showEnvVarsInLog = 0;
		};
		7466BBCEE9EF926CDC330C56 /* [CP] Check Pods Manifest.lock */ = {
			isa = PBXShellScriptBuildPhase;
			buildActionMask = 2147483647;
			files = (
			);
			inputFileListPaths = (
			);
			inputPaths = (
				"${PODS_PODFILE_DIR_PATH}/Podfile.lock",
				"${PODS_ROOT}/Manifest.lock",
			);
			name = "[CP] Check Pods Manifest.lock";
			outputFileListPaths = (
			);
			outputPaths = (
				"$(DERIVED_FILE_DIR)/Pods-QiitaExampleTests-checkManifestLockResult.txt",
			);
			runOnlyForDeploymentPostprocessing = 0;
			shellPath = /bin/sh;
			shellScript = "diff \"${PODS_PODFILE_DIR_PATH}/Podfile.lock\" \"${PODS_ROOT}/Manifest.lock\" > /dev/null\nif [ $? != 0 ] ; then\n    # print error to STDERR\n    echo \"error: The sandbox is not in sync with the Podfile.lock. Run 'pod install' or update your CocoaPods installation.\" >&2\n    exit 1\nfi\n# This output is used by Xcode 'outputs' to avoid re-running this script phase.\necho \"SUCCESS\" > \"${SCRIPT_OUTPUT_FILE_0}\"\n";
			showEnvVarsInLog = 0;
		};
		9F39C28626A1C79E26A82310 /* [CP] Check Pods Manifest.lock */ = {
			isa = PBXShellScriptBuildPhase;
			buildActionMask = 2147483647;
			files = (
			);
			inputFileListPaths = (
			);
			inputPaths = (
				"${PODS_PODFILE_DIR_PATH}/Podfile.lock",
				"${PODS_ROOT}/Manifest.lock",
			);
			name = "[CP] Check Pods Manifest.lock";
			outputFileListPaths = (
			);
			outputPaths = (
				"$(DERIVED_FILE_DIR)/Pods-QiitaExample-checkManifestLockResult.txt",
			);
			runOnlyForDeploymentPostprocessing = 0;
			shellPath = /bin/sh;
			shellScript = "diff \"${PODS_PODFILE_DIR_PATH}/Podfile.lock\" \"${PODS_ROOT}/Manifest.lock\" > /dev/null\nif [ $? != 0 ] ; then\n    # print error to STDERR\n    echo \"error: The sandbox is not in sync with the Podfile.lock. Run 'pod install' or update your CocoaPods installation.\" >&2\n    exit 1\nfi\n# This output is used by Xcode 'outputs' to avoid re-running this script phase.\necho \"SUCCESS\" > \"${SCRIPT_OUTPUT_FILE_0}\"\n";
			showEnvVarsInLog = 0;
		};
		BE7507873DA67245A9394104 /* [CP] Embed Pods Frameworks */ = {
			isa = PBXShellScriptBuildPhase;
			buildActionMask = 2147483647;
			files = (
			);
			inputFileListPaths = (
			);
			inputPaths = (
				"${SRCROOT}/Pods/Target Support Files/Pods-QiitaExample/Pods-QiitaExample-frameworks.sh",
				"${BUILT_PRODUCTS_DIR}/Alamofire/Alamofire.framework",
				"${BUILT_PRODUCTS_DIR}/Moya/Moya.framework",
				"${BUILT_PRODUCTS_DIR}/Result/Result.framework",
			);
			name = "[CP] Embed Pods Frameworks";
			outputFileListPaths = (
			);
			outputPaths = (
				"${TARGET_BUILD_DIR}/${FRAMEWORKS_FOLDER_PATH}/Alamofire.framework",
				"${TARGET_BUILD_DIR}/${FRAMEWORKS_FOLDER_PATH}/Moya.framework",
				"${TARGET_BUILD_DIR}/${FRAMEWORKS_FOLDER_PATH}/Result.framework",
			);
			runOnlyForDeploymentPostprocessing = 0;
			shellPath = /bin/sh;
			shellScript = "\"${SRCROOT}/Pods/Target Support Files/Pods-QiitaExample/Pods-QiitaExample-frameworks.sh\"\n";
			showEnvVarsInLog = 0;
		};
/* End PBXShellScriptBuildPhase section */

/* Begin PBXSourcesBuildPhase section */
		03FE222C21848AB90091C707 /* Sources */ = {
			isa = PBXSourcesBuildPhase;
			buildActionMask = 2147483647;
			files = (
				03FE2288218498870091C707 /* APIProvider.swift in Sources */,
				03FE223421848AB90091C707 /* AppDelegate.swift in Sources */,
				03FE22822184981F0091C707 /* DatasourceType.swift in Sources */,
				03FE228C218499150091C707 /* Error.swift in Sources */,
				03FE22802184977B0091C707 /* Injectable.swift in Sources */,
				03FE227B2184972B0091C707 /* MainPresenter.swift in Sources */,
				03FE227D2184972B0091C707 /* MainViewController.swift in Sources */,
				03FE228E21849AAD0091C707 /* Model+Repository.generated.swift in Sources */,
				03FE2284218498370091C707 /* ModelType.swift in Sources */,
				03FE228A218498920091C707 /* QiitaAPI.swift in Sources */,
				03FE229821849E220091C707 /* RealmDatasource.swift in Sources */,
				03FE2286218498520091C707 /* RepositoryType.swift in Sources */,
				03FE22A021849F2E0091C707 /* User.swift in Sources */,
				03FE229F21849F2E0091C707 /* UserUsecase.swift in Sources */,
			);
			runOnlyForDeploymentPostprocessing = 0;
		};
		03FE224021848ABC0091C707 /* Sources */ = {
			isa = PBXSourcesBuildPhase;
			buildActionMask = 2147483647;
			files = (
				03FE224921848ABC0091C707 /* QiitaExampleTests.swift in Sources */,
			);
			runOnlyForDeploymentPostprocessing = 0;
		};
		03FE224B21848ABC0091C707 /* Sources */ = {
			isa = PBXSourcesBuildPhase;
			buildActionMask = 2147483647;
			files = (
				03FE225421848ABC0091C707 /* QiitaExampleUITests.swift in Sources */,
			);
			runOnlyForDeploymentPostprocessing = 0;
		};
/* End PBXSourcesBuildPhase section */

/* Begin PBXTargetDependency section */
		03FE224621848ABC0091C707 /* PBXTargetDependency */ = {
			isa = PBXTargetDependency;
			target = 03FE222F21848AB90091C707 /* QiitaExample */;
			targetProxy = 03FE224521848ABC0091C707 /* PBXContainerItemProxy */;
		};
		03FE225121848ABC0091C707 /* PBXTargetDependency */ = {
			isa = PBXTargetDependency;
			target = 03FE222F21848AB90091C707 /* QiitaExample */;
			targetProxy = 03FE225021848ABC0091C707 /* PBXContainerItemProxy */;
		};
/* End PBXTargetDependency section */

/* Begin XCBuildConfiguration section */
		03FE225621848ABC0091C707 /* Debug */ = {
			isa = XCBuildConfiguration;
			buildSettings = {
				ALWAYS_SEARCH_USER_PATHS = NO;
				CLANG_ANALYZER_NONNULL = YES;
				CLANG_ANALYZER_NUMBER_OBJECT_CONVERSION = YES_AGGRESSIVE;
				CLANG_CXX_LANGUAGE_STANDARD = "gnu++14";
				CLANG_CXX_LIBRARY = "libc++";
				CLANG_ENABLE_MODULES = YES;
				CLANG_ENABLE_OBJC_ARC = YES;
				CLANG_ENABLE_OBJC_WEAK = YES;
				CLANG_WARN_BLOCK_CAPTURE_AUTORELEASING = YES;
				CLANG_WARN_BOOL_CONVERSION = YES;
				CLANG_WARN_COMMA = YES;
				CLANG_WARN_CONSTANT_CONVERSION = YES;
				CLANG_WARN_DEPRECATED_OBJC_IMPLEMENTATIONS = YES;
				CLANG_WARN_DIRECT_OBJC_ISA_USAGE = YES_ERROR;
				CLANG_WARN_DOCUMENTATION_COMMENTS = YES;
				CLANG_WARN_EMPTY_BODY = YES;
				CLANG_WARN_ENUM_CONVERSION = YES;
				CLANG_WARN_INFINITE_RECURSION = YES;
				CLANG_WARN_INT_CONVERSION = YES;
				CLANG_WARN_NON_LITERAL_NULL_CONVERSION = YES;
				CLANG_WARN_OBJC_IMPLICIT_RETAIN_SELF = YES;
				CLANG_WARN_OBJC_LITERAL_CONVERSION = YES;
				CLANG_WARN_OBJC_ROOT_CLASS = YES_ERROR;
				CLANG_WARN_RANGE_LOOP_ANALYSIS = YES;
				CLANG_WARN_STRICT_PROTOTYPES = YES;
				CLANG_WARN_SUSPICIOUS_MOVE = YES;
				CLANG_WARN_UNGUARDED_AVAILABILITY = YES_AGGRESSIVE;
				CLANG_WARN_UNREACHABLE_CODE = YES;
				CLANG_WARN__DUPLICATE_METHOD_MATCH = YES;
				CODE_SIGN_IDENTITY = "iPhone Developer";
				COPY_PHASE_STRIP = NO;
				DEBUG_INFORMATION_FORMAT = dwarf;
				ENABLE_STRICT_OBJC_MSGSEND = YES;
				ENABLE_TESTABILITY = YES;
				GCC_C_LANGUAGE_STANDARD = gnu11;
				GCC_DYNAMIC_NO_PIC = NO;
				GCC_NO_COMMON_BLOCKS = YES;
				GCC_OPTIMIZATION_LEVEL = 0;
				GCC_PREPROCESSOR_DEFINITIONS = (
					"DEBUG=1",
					"$(inherited)",
				);
				GCC_WARN_64_TO_32_BIT_CONVERSION = YES;
				GCC_WARN_ABOUT_RETURN_TYPE = YES_ERROR;
				GCC_WARN_UNDECLARED_SELECTOR = YES;
				GCC_WARN_UNINITIALIZED_AUTOS = YES_AGGRESSIVE;
				GCC_WARN_UNUSED_FUNCTION = YES;
				GCC_WARN_UNUSED_VARIABLE = YES;
				IPHONEOS_DEPLOYMENT_TARGET = 12.0;
				MTL_ENABLE_DEBUG_INFO = INCLUDE_SOURCE;
				MTL_FAST_MATH = YES;
				ONLY_ACTIVE_ARCH = YES;
				SDKROOT = iphoneos;
				SWIFT_ACTIVE_COMPILATION_CONDITIONS = DEBUG;
				SWIFT_OPTIMIZATION_LEVEL = "-Onone";
			};
			name = Debug;
		};
		03FE225721848ABC0091C707 /* Release */ = {
			isa = XCBuildConfiguration;
			buildSettings = {
				ALWAYS_SEARCH_USER_PATHS = NO;
				CLANG_ANALYZER_NONNULL = YES;
				CLANG_ANALYZER_NUMBER_OBJECT_CONVERSION = YES_AGGRESSIVE;
				CLANG_CXX_LANGUAGE_STANDARD = "gnu++14";
				CLANG_CXX_LIBRARY = "libc++";
				CLANG_ENABLE_MODULES = YES;
				CLANG_ENABLE_OBJC_ARC = YES;
				CLANG_ENABLE_OBJC_WEAK = YES;
				CLANG_WARN_BLOCK_CAPTURE_AUTORELEASING = YES;
				CLANG_WARN_BOOL_CONVERSION = YES;
				CLANG_WARN_COMMA = YES;
				CLANG_WARN_CONSTANT_CONVERSION = YES;
				CLANG_WARN_DEPRECATED_OBJC_IMPLEMENTATIONS = YES;
				CLANG_WARN_DIRECT_OBJC_ISA_USAGE = YES_ERROR;
				CLANG_WARN_DOCUMENTATION_COMMENTS = YES;
				CLANG_WARN_EMPTY_BODY = YES;
				CLANG_WARN_ENUM_CONVERSION = YES;
				CLANG_WARN_INFINITE_RECURSION = YES;
				CLANG_WARN_INT_CONVERSION = YES;
				CLANG_WARN_NON_LITERAL_NULL_CONVERSION = YES;
				CLANG_WARN_OBJC_IMPLICIT_RETAIN_SELF = YES;
				CLANG_WARN_OBJC_LITERAL_CONVERSION = YES;
				CLANG_WARN_OBJC_ROOT_CLASS = YES_ERROR;
				CLANG_WARN_RANGE_LOOP_ANALYSIS = YES;
				CLANG_WARN_STRICT_PROTOTYPES = YES;
				CLANG_WARN_SUSPICIOUS_MOVE = YES;
				CLANG_WARN_UNGUARDED_AVAILABILITY = YES_AGGRESSIVE;
				CLANG_WARN_UNREACHABLE_CODE = YES;
				CLANG_WARN__DUPLICATE_METHOD_MATCH = YES;
				CODE_SIGN_IDENTITY = "iPhone Developer";
				COPY_PHASE_STRIP = NO;
				DEBUG_INFORMATION_FORMAT = "dwarf-with-dsym";
				ENABLE_NS_ASSERTIONS = NO;
				ENABLE_STRICT_OBJC_MSGSEND = YES;
				GCC_C_LANGUAGE_STANDARD = gnu11;
				GCC_NO_COMMON_BLOCKS = YES;
				GCC_WARN_64_TO_32_BIT_CONVERSION = YES;
				GCC_WARN_ABOUT_RETURN_TYPE = YES_ERROR;
				GCC_WARN_UNDECLARED_SELECTOR = YES;
				GCC_WARN_UNINITIALIZED_AUTOS = YES_AGGRESSIVE;
				GCC_WARN_UNUSED_FUNCTION = YES;
				GCC_WARN_UNUSED_VARIABLE = YES;
				IPHONEOS_DEPLOYMENT_TARGET = 12.0;
				MTL_ENABLE_DEBUG_INFO = NO;
				MTL_FAST_MATH = YES;
				SDKROOT = iphoneos;
				SWIFT_COMPILATION_MODE = wholemodule;
				SWIFT_OPTIMIZATION_LEVEL = "-O";
				VALIDATE_PRODUCT = YES;
			};
			name = Release;
		};
		03FE225921848ABC0091C707 /* Debug */ = {
			isa = XCBuildConfiguration;
			baseConfigurationReference = 32AA991562C807B9AB33C213 /* Pods-QiitaExample.debug.xcconfig */;
			buildSettings = {
				ASSETCATALOG_COMPILER_APPICON_NAME = AppIcon;
				CODE_SIGN_STYLE = Automatic;
				DEVELOPMENT_TEAM = 23SNN8KHW7;
				INFOPLIST_FILE = QiitaExample/Support/Info.plist;
				IPHONEOS_DEPLOYMENT_TARGET = 10.0;
				LD_RUNPATH_SEARCH_PATHS = (
					"$(inherited)",
					"@executable_path/Frameworks",
				);
				PRODUCT_BUNDLE_IDENTIFIER = com.namco.QiitaExample;
				PRODUCT_NAME = "$(TARGET_NAME)";
				SWIFT_VERSION = 4.2;
				TARGETED_DEVICE_FAMILY = "1,2";
			};
			name = Debug;
		};
		03FE225A21848ABC0091C707 /* Release */ = {
			isa = XCBuildConfiguration;
			baseConfigurationReference = BEC55EAD97A5233B9D99FFA3 /* Pods-QiitaExample.release.xcconfig */;
			buildSettings = {
				ASSETCATALOG_COMPILER_APPICON_NAME = AppIcon;
				CODE_SIGN_STYLE = Automatic;
				DEVELOPMENT_TEAM = 23SNN8KHW7;
				INFOPLIST_FILE = QiitaExample/Support/Info.plist;
				IPHONEOS_DEPLOYMENT_TARGET = 10.0;
				LD_RUNPATH_SEARCH_PATHS = (
					"$(inherited)",
					"@executable_path/Frameworks",
				);
				PRODUCT_BUNDLE_IDENTIFIER = com.namco.QiitaExample;
				PRODUCT_NAME = "$(TARGET_NAME)";
				SWIFT_VERSION = 4.2;
				TARGETED_DEVICE_FAMILY = "1,2";
			};
			name = Release;
		};
		03FE225C21848ABC0091C707 /* Debug */ = {
			isa = XCBuildConfiguration;
			baseConfigurationReference = 660D1FD677739DBB4980BF2E /* Pods-QiitaExampleTests.debug.xcconfig */;
			buildSettings = {
				ALWAYS_EMBED_SWIFT_STANDARD_LIBRARIES = YES;
				BUNDLE_LOADER = "$(TEST_HOST)";
				CODE_SIGN_STYLE = Automatic;
				DEVELOPMENT_TEAM = 23SNN8KHW7;
				INFOPLIST_FILE = QiitaExampleTests/Info.plist;
				LD_RUNPATH_SEARCH_PATHS = (
					"$(inherited)",
					"@executable_path/Frameworks",
					"@loader_path/Frameworks",
				);
				PRODUCT_BUNDLE_IDENTIFIER = com.namco.QiitaExampleTests;
				PRODUCT_NAME = "$(TARGET_NAME)";
				SWIFT_VERSION = 4.2;
				TARGETED_DEVICE_FAMILY = "1,2";
				TEST_HOST = "$(BUILT_PRODUCTS_DIR)/QiitaExample.app/QiitaExample";
			};
			name = Debug;
		};
		03FE225D21848ABC0091C707 /* Release */ = {
			isa = XCBuildConfiguration;
			baseConfigurationReference = 91EA2C630596DEFF9D23A495 /* Pods-QiitaExampleTests.release.xcconfig */;
			buildSettings = {
				ALWAYS_EMBED_SWIFT_STANDARD_LIBRARIES = YES;
				BUNDLE_LOADER = "$(TEST_HOST)";
				CODE_SIGN_STYLE = Automatic;
				DEVELOPMENT_TEAM = 23SNN8KHW7;
				INFOPLIST_FILE = QiitaExampleTests/Info.plist;
				LD_RUNPATH_SEARCH_PATHS = (
					"$(inherited)",
					"@executable_path/Frameworks",
					"@loader_path/Frameworks",
				);
				PRODUCT_BUNDLE_IDENTIFIER = com.namco.QiitaExampleTests;
				PRODUCT_NAME = "$(TARGET_NAME)";
				SWIFT_VERSION = 4.2;
				TARGETED_DEVICE_FAMILY = "1,2";
				TEST_HOST = "$(BUILT_PRODUCTS_DIR)/QiitaExample.app/QiitaExample";
			};
			name = Release;
		};
		03FE225F21848ABC0091C707 /* Debug */ = {
			isa = XCBuildConfiguration;
			baseConfigurationReference = 99ED75897E3CD6F3863F55C7 /* Pods-QiitaExampleUITests.debug.xcconfig */;
			buildSettings = {
				ALWAYS_EMBED_SWIFT_STANDARD_LIBRARIES = YES;
				CODE_SIGN_STYLE = Automatic;
				DEVELOPMENT_TEAM = 23SNN8KHW7;
				INFOPLIST_FILE = QiitaExampleUITests/Info.plist;
				LD_RUNPATH_SEARCH_PATHS = (
					"$(inherited)",
					"@executable_path/Frameworks",
					"@loader_path/Frameworks",
				);
				PRODUCT_BUNDLE_IDENTIFIER = com.namco.QiitaExampleUITests;
				PRODUCT_NAME = "$(TARGET_NAME)";
				SWIFT_VERSION = 4.2;
				TARGETED_DEVICE_FAMILY = "1,2";
				TEST_TARGET_NAME = QiitaExample;
			};
			name = Debug;
		};
		03FE226021848ABC0091C707 /* Release */ = {
			isa = XCBuildConfiguration;
			baseConfigurationReference = 1C5F83B917858EA36C9E4388 /* Pods-QiitaExampleUITests.release.xcconfig */;
			buildSettings = {
				ALWAYS_EMBED_SWIFT_STANDARD_LIBRARIES = YES;
				CODE_SIGN_STYLE = Automatic;
				DEVELOPMENT_TEAM = 23SNN8KHW7;
				INFOPLIST_FILE = QiitaExampleUITests/Info.plist;
				LD_RUNPATH_SEARCH_PATHS = (
					"$(inherited)",
					"@executable_path/Frameworks",
					"@loader_path/Frameworks",
				);
				PRODUCT_BUNDLE_IDENTIFIER = com.namco.QiitaExampleUITests;
				PRODUCT_NAME = "$(TARGET_NAME)";
				SWIFT_VERSION = 4.2;
				TARGETED_DEVICE_FAMILY = "1,2";
				TEST_TARGET_NAME = QiitaExample;
			};
			name = Release;
		};
/* End XCBuildConfiguration section */

/* Begin XCConfigurationList section */
		03FE222B21848AB90091C707 /* Build configuration list for PBXProject "QiitaExample" */ = {
			isa = XCConfigurationList;
			buildConfigurations = (
				03FE225621848ABC0091C707 /* Debug */,
				03FE225721848ABC0091C707 /* Release */,
			);
			defaultConfigurationIsVisible = 0;
			defaultConfigurationName = Release;
		};
		03FE225821848ABC0091C707 /* Build configuration list for PBXNativeTarget "QiitaExample" */ = {
			isa = XCConfigurationList;
			buildConfigurations = (
				03FE225921848ABC0091C707 /* Debug */,
				03FE225A21848ABC0091C707 /* Release */,
			);
			defaultConfigurationIsVisible = 0;
			defaultConfigurationName = Release;
		};
		03FE225B21848ABC0091C707 /* Build configuration list for PBXNativeTarget "QiitaExampleTests" */ = {
			isa = XCConfigurationList;
			buildConfigurations = (
				03FE225C21848ABC0091C707 /* Debug */,
				03FE225D21848ABC0091C707 /* Release */,
			);
			defaultConfigurationIsVisible = 0;
			defaultConfigurationName = Release;
		};
		03FE225E21848ABC0091C707 /* Build configuration list for PBXNativeTarget "QiitaExampleUITests" */ = {
			isa = XCConfigurationList;
			buildConfigurations = (
				03FE225F21848ABC0091C707 /* Debug */,
				03FE226021848ABC0091C707 /* Release */,
			);
			defaultConfigurationIsVisible = 0;
			defaultConfigurationName = Release;
		};
/* End XCConfigurationList section */
	};
	rootObject = 03FE222821848AB90091C707 /* Project object */;
}
